{
  "version": 4,
  "terraform_version": "0.12.6",
  "serial": 21,
  "lineage": "2228893f-0ccf-1331-6aea-1f3013167ea1",
  "outputs": {
    "kubeone_api": {
      "value": {
        "endpoint": "c3-kubernetes-api-lb-0d08414a388ef588.elb.us-east-1.amazonaws.com"
      },
      "type": [
        "object",
        {
          "endpoint": "string"
        }
      ]
    },
    "kubeone_hosts": {
      "value": {
        "control_plane": {
          "cloud_provider": "aws",
          "cluster_name": "c3-kubernetes",
          "hostnames": [
            "ip-172-31-4-20.ec2.internal",
            "ip-172-31-95-44.ec2.internal",
            "ip-172-31-22-134.ec2.internal"
          ],
          "private_address": [
            "172.31.4.20",
            "172.31.95.44",
            "172.31.22.134"
          ],
          "public_address": [
            "3.91.19.30",
            "34.205.63.221",
            "54.90.247.135"
          ],
          "ssh_agent_socket": "env:SSH_AUTH_SOCK",
          "ssh_port": 22,
          "ssh_private_key_file": "",
          "ssh_user": "ubuntu"
        }
      },
      "type": [
        "object",
        {
          "control_plane": [
            "object",
            {
              "cloud_provider": "string",
              "cluster_name": "string",
              "hostnames": [
                "tuple",
                [
                  "string",
                  "string",
                  "string"
                ]
              ],
              "private_address": [
                "tuple",
                [
                  "string",
                  "string",
                  "string"
                ]
              ],
              "public_address": [
                "tuple",
                [
                  "string",
                  "string",
                  "string"
                ]
              ],
              "ssh_agent_socket": "string",
              "ssh_port": "number",
              "ssh_private_key_file": "string",
              "ssh_user": "string"
            }
          ]
        }
      ]
    },
    "kubeone_workers": {
      "value": {
        "c3-kubernetes-pool1": {
          "providerSpec": {
            "cloudProviderSpec": {
              "ami": "ami-024582e76075564db",
              "availabilityZone": "us-east-1a",
              "diskIops": 500,
              "diskSize": 50,
              "diskType": "gp2",
              "instanceProfile": "c3-kubernetes-host",
              "instanceType": "t3.small",
              "region": "us-east-1",
              "securityGroupIDs": [
                "sg-0b64bd73136611e8c"
              ],
              "subnetId": "subnet-ca99bcad",
              "tags": {
                "c3-kubernetes-workers": "pool1"
              },
              "vpcId": "vpc-83d4a5f9"
            },
            "operatingSystem": "ubuntu",
            "operatingSystemSpec": {
              "distUpgradeOnBoot": false
            },
            "sshPublicKeys": [
              "ssh-rsa AAAAB3NzaC1yc2EAAAADAQABAAACAQC6vzt4fYnzoN8Ik3NeCJdf55ei9P1O+TuwKlBi8LDwo8HlDWzDe4P67hJZZFCPAphxIzn2ovjCr8ulRLi2Z6xFYVjFeL5S8085EBltIjcOJc/GxnxHGUU+pvXgMJV10pLH5AXA88TXaSW3Y9H8KvGx3Hc01cclNGz9yJ3afNDde1m0nIZbFPsILwe73XP4z19ret0ZgUoV05joIqiM7awJ4sD2t7JIdoZzYlOpYX9dLiQwOkfonjiuq21q4aWraKvPizbOJRkQFka4VEjnjzr4cmROmlWzA+2c87w8Cj0VG7aUlZV+dH6ycUXIjNETrjHZuN+FKB7N2ZUgWqHJS7EOgF/r62mQmuuuqCgipse84wLamJ5lemdWBIRe3GsjJuOmz7IabY38wacsQXcGG8NOgrNUrz4HyrsqtvjEx/GjYvXHygOINrjq7W/WjbCr9aEyW5L8UUVRdsNo7mq0AoZOG8XVWTROC+nKlfUnGEll1mVPCOeFejpM5KKrl7OMMurL5f5pPccoFRpDsnGZLy2AjMcCFeuFzxBS21ROGa4MKD4ysOb1+YjGNuyQg07U/wyohJ0lZ25HsF9oZxhe4fVOph/dX+oMT7iLR/fUSlOXxrt0cXgLLztFCcIL/aeK4ZQQFt+i1VpEysCdmdoY0JNq12h1aimznuZzd35+pkOMlQ== jankoemail@gmail.com"
            ]
          },
          "replicas": 1
        }
      },
      "type": [
        "object",
        {
          "c3-kubernetes-pool1": [
            "object",
            {
              "providerSpec": [
                "object",
                {
                  "cloudProviderSpec": [
                    "object",
                    {
                      "ami": "string",
                      "availabilityZone": "string",
                      "diskIops": "number",
                      "diskSize": "number",
                      "diskType": "string",
                      "instanceProfile": "string",
                      "instanceType": "string",
                      "region": "string",
                      "securityGroupIDs": [
                        "tuple",
                        [
                          "string"
                        ]
                      ],
                      "subnetId": "string",
                      "tags": [
                        "object",
                        {
                          "c3-kubernetes-workers": "string"
                        }
                      ],
                      "vpcId": "string"
                    }
                  ],
                  "operatingSystem": "string",
                  "operatingSystemSpec": [
                    "object",
                    {
                      "distUpgradeOnBoot": "bool"
                    }
                  ],
                  "sshPublicKeys": [
                    "tuple",
                    [
                      "string"
                    ]
                  ]
                }
              ],
              "replicas": "number"
            }
          ]
        }
      ]
    }
  },
  "resources": [
    {
      "mode": "data",
      "type": "aws_ami",
      "name": "ubuntu",
      "provider": "provider.aws",
      "instances": [
        {
          "schema_version": 0,
          "attributes": {
            "architecture": "x86_64",
            "block_device_mappings": [
              {
                "device_name": "/dev/sda1",
                "ebs": {
                  "delete_on_termination": "true",
                  "encrypted": "false",
                  "iops": "0",
                  "snapshot_id": "snap-0625f08856241604e",
                  "volume_size": "8",
                  "volume_type": "gp2"
                },
                "no_device": "",
                "virtual_name": ""
              },
              {
                "device_name": "/dev/sdb",
                "ebs": {},
                "no_device": "",
                "virtual_name": "ephemeral0"
              },
              {
                "device_name": "/dev/sdc",
                "ebs": {},
                "no_device": "",
                "virtual_name": "ephemeral1"
              }
            ],
            "creation_date": "2019-09-12T04:43:29.000Z",
            "description": "Canonical, Ubuntu, 18.04 LTS, amd64 bionic image build on 2019-09-11",
            "executable_users": null,
            "filter": [
              {
                "name": "name",
                "values": [
                  "ubuntu/images/hvm-ssd/ubuntu-bionic-18.04-amd64-server-*"
                ]
              },
              {
                "name": "virtualization-type",
                "values": [
                  "hvm"
                ]
              }
            ],
            "hypervisor": "xen",
            "id": "ami-024582e76075564db",
            "image_id": "ami-024582e76075564db",
            "image_location": "099720109477/ubuntu/images/hvm-ssd/ubuntu-bionic-18.04-amd64-server-20190911",
            "image_owner_alias": null,
            "image_type": "machine",
            "kernel_id": null,
            "most_recent": true,
            "name": "ubuntu/images/hvm-ssd/ubuntu-bionic-18.04-amd64-server-20190911",
            "name_regex": null,
            "owner_id": "099720109477",
            "owners": [
              "099720109477"
            ],
            "platform": null,
            "product_codes": [],
            "public": true,
            "ramdisk_id": null,
            "root_device_name": "/dev/sda1",
            "root_device_type": "ebs",
            "root_snapshot_id": "snap-0625f08856241604e",
            "sriov_net_support": "simple",
            "state": "available",
            "state_reason": {
              "code": "UNSET",
              "message": "UNSET"
            },
            "tags": {},
            "virtualization_type": "hvm"
          }
        }
      ]
    },
    {
      "mode": "data",
      "type": "aws_availability_zones",
      "name": "available",
      "provider": "provider.aws",
      "instances": [
        {
          "schema_version": 0,
          "attributes": {
            "blacklisted_names": null,
            "blacklisted_zone_ids": null,
            "id": "2019-09-15 22:59:54.496334 +0000 UTC",
            "names": [
              "us-east-1a",
              "us-east-1b",
              "us-east-1c",
              "us-east-1d",
              "us-east-1e",
              "us-east-1f"
            ],
            "state": null,
            "zone_ids": [
              "use1-az1",
              "use1-az2",
              "use1-az4",
              "use1-az6",
              "use1-az3",
              "use1-az5"
            ]
          }
        }
      ]
    },
    {
      "mode": "data",
      "type": "aws_subnet",
      "name": "az_a",
      "provider": "provider.aws",
      "instances": [
        {
          "schema_version": 0,
          "attributes": {
            "arn": "arn:aws:ec2:us-east-1:733206830852:subnet/subnet-ca99bcad",
            "assign_ipv6_address_on_creation": false,
            "availability_zone": "us-east-1a",
            "availability_zone_id": "use1-az1",
            "cidr_block": "172.31.0.0/20",
            "default_for_az": true,
            "filter": null,
            "id": "subnet-ca99bcad",
            "ipv6_cidr_block": null,
            "ipv6_cidr_block_association_id": null,
            "map_public_ip_on_launch": true,
            "owner_id": "733206830852",
            "state": "available",
            "tags": {},
            "vpc_id": "vpc-83d4a5f9"
          }
        }
      ]
    },
    {
      "mode": "data",
      "type": "aws_subnet",
      "name": "az_b",
      "provider": "provider.aws",
      "instances": [
        {
          "schema_version": 0,
          "attributes": {
            "arn": "arn:aws:ec2:us-east-1:733206830852:subnet/subnet-3b391a15",
            "assign_ipv6_address_on_creation": false,
            "availability_zone": "us-east-1b",
            "availability_zone_id": "use1-az2",
            "cidr_block": "172.31.80.0/20",
            "default_for_az": true,
            "filter": null,
            "id": "subnet-3b391a15",
            "ipv6_cidr_block": null,
            "ipv6_cidr_block_association_id": null,
            "map_public_ip_on_launch": true,
            "owner_id": "733206830852",
            "state": "available",
            "tags": {},
            "vpc_id": "vpc-83d4a5f9"
          }
        }
      ]
    },
    {
      "mode": "data",
      "type": "aws_subnet",
      "name": "az_c",
      "provider": "provider.aws",
      "instances": [
        {
          "schema_version": 0,
          "attributes": {
            "arn": "arn:aws:ec2:us-east-1:733206830852:subnet/subnet-87e216ca",
            "assign_ipv6_address_on_creation": false,
            "availability_zone": "us-east-1c",
            "availability_zone_id": "use1-az4",
            "cidr_block": "172.31.16.0/20",
            "default_for_az": true,
            "filter": null,
            "id": "subnet-87e216ca",
            "ipv6_cidr_block": null,
            "ipv6_cidr_block_association_id": null,
            "map_public_ip_on_launch": true,
            "owner_id": "733206830852",
            "state": "available",
            "tags": {},
            "vpc_id": "vpc-83d4a5f9"
          }
        }
      ]
    },
    {
      "mode": "data",
      "type": "aws_subnet_ids",
      "name": "default",
      "provider": "provider.aws",
      "instances": [
        {
          "schema_version": 0,
          "attributes": {
            "filter": null,
            "id": "vpc-83d4a5f9",
            "ids": [
              "subnet-0fa9c131",
              "subnet-1a1c0215",
              "subnet-3b391a15",
              "subnet-87e216ca",
              "subnet-ad3918f1",
              "subnet-ca99bcad"
            ],
            "tags": null,
            "vpc_id": "vpc-83d4a5f9"
          }
        }
      ]
    },
    {
      "mode": "managed",
      "type": "aws_default_vpc",
      "name": "default",
      "provider": "provider.aws",
      "instances": [
        {
          "schema_version": 1,
          "attributes": {
            "arn": "arn:aws:ec2:us-east-1:733206830852:vpc/vpc-83d4a5f9",
            "assign_generated_ipv6_cidr_block": false,
            "cidr_block": "172.31.0.0/16",
            "default_network_acl_id": "acl-e274ac9f",
            "default_route_table_id": "rtb-0b629e75",
            "default_security_group_id": "sg-a3c317ff",
            "dhcp_options_id": "dopt-a19381da",
            "enable_classiclink": false,
            "enable_classiclink_dns_support": false,
            "enable_dns_hostnames": true,
            "enable_dns_support": true,
            "id": "vpc-83d4a5f9",
            "instance_tenancy": "default",
            "ipv6_association_id": "",
            "ipv6_cidr_block": "",
            "main_route_table_id": "rtb-0b629e75",
            "owner_id": "733206830852",
            "tags": null
          },
          "private": "eyJzY2hlbWFfdmVyc2lvbiI6IjEifQ=="
        }
      ]
    },
    {
      "mode": "managed",
      "type": "aws_iam_instance_profile",
      "name": "profile",
      "provider": "provider.aws",
      "instances": [
        {
          "schema_version": 0,
          "attributes": {
            "arn": "arn:aws:iam::733206830852:instance-profile/c3-kubernetes-host",
            "create_date": "2019-09-15T23:00:03Z",
            "id": "c3-kubernetes-host",
            "name": "c3-kubernetes-host",
            "name_prefix": null,
            "path": "/",
            "role": "c3-kubernetes-host",
            "roles": [],
            "unique_id": "AIPA2VNUIL4CC6QFMAG3A"
          },
          "private": "bnVsbA==",
          "depends_on": [
            "aws_iam_role.role"
          ]
        }
      ]
    },
    {
      "mode": "managed",
      "type": "aws_iam_role",
      "name": "role",
      "provider": "provider.aws",
      "instances": [
        {
          "schema_version": 0,
          "attributes": {
            "arn": "arn:aws:iam::733206830852:role/c3-kubernetes-host",
            "assume_role_policy": "{\"Version\":\"2012-10-17\",\"Statement\":[{\"Sid\":\"\",\"Effect\":\"Allow\",\"Principal\":{\"Service\":\"ec2.amazonaws.com\"},\"Action\":\"sts:AssumeRole\"}]}",
            "create_date": "2019-09-15T23:00:02Z",
            "description": "",
            "force_detach_policies": false,
            "id": "c3-kubernetes-host",
            "max_session_duration": 3600,
            "name": "c3-kubernetes-host",
            "name_prefix": null,
            "path": "/",
            "permissions_boundary": null,
            "tags": null,
            "unique_id": "AROA2VNUIL4CHA4NXPVWL"
          },
          "private": "bnVsbA=="
        }
      ]
    },
    {
      "mode": "managed",
      "type": "aws_iam_role_policy",
      "name": "policy",
      "provider": "provider.aws",
      "instances": [
        {
          "schema_version": 0,
          "attributes": {
            "id": "c3-kubernetes-host:c3-kubernetes-host",
            "name": "c3-kubernetes-host",
            "name_prefix": null,
            "policy": "{\n  \"Version\": \"2012-10-17\",\n  \"Statement\": [\n    {\n      \"Effect\": \"Allow\",\n      \"Action\": [\"ec2:*\"],\n      \"Resource\": [\"*\"]\n    },\n    {\n      \"Effect\": \"Allow\",\n      \"Action\": [\"elasticloadbalancing:*\"],\n      \"Resource\": [\"*\"]\n    }\n  ]\n}\n",
            "role": "c3-kubernetes-host"
          },
          "private": "bnVsbA==",
          "depends_on": [
            "aws_iam_role.role"
          ]
        }
      ]
    },
    {
      "mode": "managed",
      "type": "aws_instance",
      "name": "control_plane",
      "each": "list",
      "provider": "provider.aws",
      "instances": [
        {
          "index_key": 0,
          "schema_version": 1,
          "attributes": {
            "ami": "ami-024582e76075564db",
            "arn": "arn:aws:ec2:us-east-1:733206830852:instance/i-0073832c044ebd889",
            "associate_public_ip_address": true,
            "availability_zone": "us-east-1a",
            "cpu_core_count": 1,
            "cpu_threads_per_core": 2,
            "credit_specification": [
              {
                "cpu_credits": "unlimited"
              }
            ],
            "disable_api_termination": false,
            "ebs_block_device": [],
            "ebs_optimized": true,
            "ephemeral_block_device": [],
            "get_password_data": false,
            "host_id": null,
            "iam_instance_profile": "c3-kubernetes-host",
            "id": "i-0073832c044ebd889",
            "instance_initiated_shutdown_behavior": null,
            "instance_state": "running",
            "instance_type": "t3.small",
            "ipv6_address_count": 0,
            "ipv6_addresses": [],
            "key_name": "c3-kubernetes-deployer-key",
            "monitoring": false,
            "network_interface": [],
            "network_interface_id": null,
            "password_data": "",
            "placement_group": "",
            "primary_network_interface_id": "eni-09e1d5368270ebeca",
            "private_dns": "ip-172-31-4-20.ec2.internal",
            "private_ip": "172.31.4.20",
            "public_dns": "ec2-3-91-19-30.compute-1.amazonaws.com",
            "public_ip": "3.91.19.30",
            "root_block_device": [
              {
                "delete_on_termination": true,
                "encrypted": false,
                "iops": 300,
                "kms_key_id": "",
                "volume_id": "vol-006118f5d59a1aad8",
                "volume_size": 100,
                "volume_type": "gp2"
              }
            ],
            "security_groups": [
              "c3-kubernetes-common",
              "c3-kubernetes-control_planes"
            ],
            "source_dest_check": true,
            "subnet_id": "subnet-ca99bcad",
            "tags": {
              "Name": "c3-kubernetes-control_plane-1",
              "kubernetes.io/cluster/c3-kubernetes": "shared"
            },
            "tenancy": "default",
            "timeouts": null,
            "user_data": null,
            "user_data_base64": null,
            "volume_tags": {},
            "vpc_security_group_ids": [
              "sg-06eb91f3f3b07a82c",
              "sg-0b64bd73136611e8c"
            ]
          },
          "private": "eyJlMmJmYjczMC1lY2FhLTExZTYtOGY4OC0zNDM2M2JjN2M0YzAiOnsiY3JlYXRlIjo2MDAwMDAwMDAwMDAsImRlbGV0ZSI6MTIwMDAwMDAwMDAwMCwidXBkYXRlIjo2MDAwMDAwMDAwMDB9LCJzY2hlbWFfdmVyc2lvbiI6IjEifQ==",
          "depends_on": [
            "aws_iam_instance_profile.profile",
            "aws_key_pair.deployer",
            "aws_security_group.common",
            "aws_security_group.control_plane",
            "data.aws_availability_zones.available"
          ]
        },
        {
          "index_key": 1,
          "schema_version": 1,
          "attributes": {
            "ami": "ami-024582e76075564db",
            "arn": "arn:aws:ec2:us-east-1:733206830852:instance/i-0711f50c85e6210da",
            "associate_public_ip_address": true,
            "availability_zone": "us-east-1b",
            "cpu_core_count": 1,
            "cpu_threads_per_core": 2,
            "credit_specification": [
              {
                "cpu_credits": "unlimited"
              }
            ],
            "disable_api_termination": false,
            "ebs_block_device": [],
            "ebs_optimized": true,
            "ephemeral_block_device": [],
            "get_password_data": false,
            "host_id": null,
            "iam_instance_profile": "c3-kubernetes-host",
            "id": "i-0711f50c85e6210da",
            "instance_initiated_shutdown_behavior": null,
            "instance_state": "running",
            "instance_type": "t3.small",
            "ipv6_address_count": 0,
            "ipv6_addresses": [],
            "key_name": "c3-kubernetes-deployer-key",
            "monitoring": false,
            "network_interface": [],
            "network_interface_id": null,
            "password_data": "",
            "placement_group": "",
            "primary_network_interface_id": "eni-0c31c1019da7f4a60",
            "private_dns": "ip-172-31-95-44.ec2.internal",
            "private_ip": "172.31.95.44",
            "public_dns": "ec2-34-205-63-221.compute-1.amazonaws.com",
            "public_ip": "34.205.63.221",
            "root_block_device": [
              {
                "delete_on_termination": true,
                "encrypted": false,
                "iops": 300,
                "kms_key_id": "",
                "volume_id": "vol-0ab8267b74033faf3",
                "volume_size": 100,
                "volume_type": "gp2"
              }
            ],
            "security_groups": [
              "c3-kubernetes-common",
              "c3-kubernetes-control_planes"
            ],
            "source_dest_check": true,
            "subnet_id": "subnet-3b391a15",
            "tags": {
              "Name": "c3-kubernetes-control_plane-2",
              "kubernetes.io/cluster/c3-kubernetes": "shared"
            },
            "tenancy": "default",
            "timeouts": null,
            "user_data": null,
            "user_data_base64": null,
            "volume_tags": {},
            "vpc_security_group_ids": [
              "sg-06eb91f3f3b07a82c",
              "sg-0b64bd73136611e8c"
            ]
          },
          "private": "eyJlMmJmYjczMC1lY2FhLTExZTYtOGY4OC0zNDM2M2JjN2M0YzAiOnsiY3JlYXRlIjo2MDAwMDAwMDAwMDAsImRlbGV0ZSI6MTIwMDAwMDAwMDAwMCwidXBkYXRlIjo2MDAwMDAwMDAwMDB9LCJzY2hlbWFfdmVyc2lvbiI6IjEifQ==",
          "depends_on": [
            "aws_iam_instance_profile.profile",
            "aws_key_pair.deployer",
            "aws_security_group.common",
            "aws_security_group.control_plane",
            "data.aws_availability_zones.available"
          ]
        },
        {
          "index_key": 2,
          "schema_version": 1,
          "attributes": {
            "ami": "ami-024582e76075564db",
            "arn": "arn:aws:ec2:us-east-1:733206830852:instance/i-0c73a51219c5b7e09",
            "associate_public_ip_address": true,
            "availability_zone": "us-east-1c",
            "cpu_core_count": 1,
            "cpu_threads_per_core": 2,
            "credit_specification": [
              {
                "cpu_credits": "unlimited"
              }
            ],
            "disable_api_termination": false,
            "ebs_block_device": [],
            "ebs_optimized": true,
            "ephemeral_block_device": [],
            "get_password_data": false,
            "host_id": null,
            "iam_instance_profile": "c3-kubernetes-host",
            "id": "i-0c73a51219c5b7e09",
            "instance_initiated_shutdown_behavior": null,
            "instance_state": "running",
            "instance_type": "t3.small",
            "ipv6_address_count": 0,
            "ipv6_addresses": [],
            "key_name": "c3-kubernetes-deployer-key",
            "monitoring": false,
            "network_interface": [],
            "network_interface_id": null,
            "password_data": "",
            "placement_group": "",
            "primary_network_interface_id": "eni-0793b67ef1e35b0f3",
            "private_dns": "ip-172-31-22-134.ec2.internal",
            "private_ip": "172.31.22.134",
            "public_dns": "ec2-54-90-247-135.compute-1.amazonaws.com",
            "public_ip": "54.90.247.135",
            "root_block_device": [
              {
                "delete_on_termination": true,
                "encrypted": false,
                "iops": 300,
                "kms_key_id": "",
                "volume_id": "vol-061869fe6e27cd5f5",
                "volume_size": 100,
                "volume_type": "gp2"
              }
            ],
            "security_groups": [
              "c3-kubernetes-common",
              "c3-kubernetes-control_planes"
            ],
            "source_dest_check": true,
            "subnet_id": "subnet-87e216ca",
            "tags": {
              "Name": "c3-kubernetes-control_plane-3",
              "kubernetes.io/cluster/c3-kubernetes": "shared"
            },
            "tenancy": "default",
            "timeouts": null,
            "user_data": null,
            "user_data_base64": null,
            "volume_tags": {},
            "vpc_security_group_ids": [
              "sg-06eb91f3f3b07a82c",
              "sg-0b64bd73136611e8c"
            ]
          },
          "private": "eyJlMmJmYjczMC1lY2FhLTExZTYtOGY4OC0zNDM2M2JjN2M0YzAiOnsiY3JlYXRlIjo2MDAwMDAwMDAwMDAsImRlbGV0ZSI6MTIwMDAwMDAwMDAwMCwidXBkYXRlIjo2MDAwMDAwMDAwMDB9LCJzY2hlbWFfdmVyc2lvbiI6IjEifQ==",
          "depends_on": [
            "aws_iam_instance_profile.profile",
            "aws_key_pair.deployer",
            "aws_security_group.common",
            "aws_security_group.control_plane",
            "data.aws_availability_zones.available"
          ]
        }
      ]
    },
    {
      "mode": "managed",
      "type": "aws_key_pair",
      "name": "deployer",
      "provider": "provider.aws",
      "instances": [
        {
          "schema_version": 1,
          "attributes": {
            "fingerprint": "56:36:cc:0f:0b:c1:a6:8b:36:f5:30:39:75:64:ea:bb",
            "id": "c3-kubernetes-deployer-key",
            "key_name": "c3-kubernetes-deployer-key",
            "key_name_prefix": null,
            "public_key": "ssh-rsa AAAAB3NzaC1yc2EAAAADAQABAAACAQC6vzt4fYnzoN8Ik3NeCJdf55ei9P1O+TuwKlBi8LDwo8HlDWzDe4P67hJZZFCPAphxIzn2ovjCr8ulRLi2Z6xFYVjFeL5S8085EBltIjcOJc/GxnxHGUU+pvXgMJV10pLH5AXA88TXaSW3Y9H8KvGx3Hc01cclNGz9yJ3afNDde1m0nIZbFPsILwe73XP4z19ret0ZgUoV05joIqiM7awJ4sD2t7JIdoZzYlOpYX9dLiQwOkfonjiuq21q4aWraKvPizbOJRkQFka4VEjnjzr4cmROmlWzA+2c87w8Cj0VG7aUlZV+dH6ycUXIjNETrjHZuN+FKB7N2ZUgWqHJS7EOgF/r62mQmuuuqCgipse84wLamJ5lemdWBIRe3GsjJuOmz7IabY38wacsQXcGG8NOgrNUrz4HyrsqtvjEx/GjYvXHygOINrjq7W/WjbCr9aEyW5L8UUVRdsNo7mq0AoZOG8XVWTROC+nKlfUnGEll1mVPCOeFejpM5KKrl7OMMurL5f5pPccoFRpDsnGZLy2AjMcCFeuFzxBS21ROGa4MKD4ysOb1+YjGNuyQg07U/wyohJ0lZ25HsF9oZxhe4fVOph/dX+oMT7iLR/fUSlOXxrt0cXgLLztFCcIL/aeK4ZQQFt+i1VpEysCdmdoY0JNq12h1aimznuZzd35+pkOMlQ== jankoemail@gmail.com"
          },
          "private": "eyJzY2hlbWFfdmVyc2lvbiI6IjEifQ=="
        }
      ]
    },
    {
      "mode": "managed",
      "type": "aws_lb",
      "name": "control_plane",
      "provider": "provider.aws",
      "instances": [
        {
          "schema_version": 0,
          "attributes": {
            "access_logs": [
              {
                "bucket": "",
                "enabled": false,
                "prefix": ""
              }
            ],
            "arn": "arn:aws:elasticloadbalancing:us-east-1:733206830852:loadbalancer/net/c3-kubernetes-api-lb/0d08414a388ef588",
            "arn_suffix": "net/c3-kubernetes-api-lb/0d08414a388ef588",
            "dns_name": "c3-kubernetes-api-lb-0d08414a388ef588.elb.us-east-1.amazonaws.com",
            "enable_cross_zone_load_balancing": false,
            "enable_deletion_protection": false,
            "enable_http2": null,
            "id": "arn:aws:elasticloadbalancing:us-east-1:733206830852:loadbalancer/net/c3-kubernetes-api-lb/0d08414a388ef588",
            "idle_timeout": null,
            "internal": false,
            "ip_address_type": "ipv4",
            "load_balancer_type": "network",
            "name": "c3-kubernetes-api-lb",
            "name_prefix": null,
            "security_groups": [],
            "subnet_mapping": [
              {
                "allocation_id": "",
                "subnet_id": "subnet-3b391a15"
              },
              {
                "allocation_id": "",
                "subnet_id": "subnet-87e216ca"
              },
              {
                "allocation_id": "",
                "subnet_id": "subnet-ca99bcad"
              }
            ],
            "subnets": [
              "subnet-3b391a15",
              "subnet-87e216ca",
              "subnet-ca99bcad"
            ],
            "tags": {
              "Cluster": "c3-kubernetes",
              "kubernetes.io/cluster/c3-kubernetes": "shared"
            },
            "timeouts": null,
            "vpc_id": "vpc-83d4a5f9",
            "zone_id": "Z26RNL4JYFTOTI"
          },
          "private": "eyJlMmJmYjczMC1lY2FhLTExZTYtOGY4OC0zNDM2M2JjN2M0YzAiOnsiY3JlYXRlIjo2MDAwMDAwMDAwMDAsImRlbGV0ZSI6NjAwMDAwMDAwMDAwLCJ1cGRhdGUiOjYwMDAwMDAwMDAwMH19"
        }
      ]
    },
    {
      "mode": "managed",
      "type": "aws_lb_listener",
      "name": "control_plane_api",
      "provider": "provider.aws",
      "instances": [
        {
          "schema_version": 0,
          "attributes": {
            "arn": "arn:aws:elasticloadbalancing:us-east-1:733206830852:listener/net/c3-kubernetes-api-lb/0d08414a388ef588/6acf6618dc121244",
            "certificate_arn": null,
            "default_action": [
              {
                "authenticate_cognito": [],
                "authenticate_oidc": [],
                "fixed_response": [],
                "order": 1,
                "redirect": [],
                "target_group_arn": "arn:aws:elasticloadbalancing:us-east-1:733206830852:targetgroup/c3-kubernetes-api/7bca0c989b58ca81",
                "type": "forward"
              }
            ],
            "id": "arn:aws:elasticloadbalancing:us-east-1:733206830852:listener/net/c3-kubernetes-api-lb/0d08414a388ef588/6acf6618dc121244",
            "load_balancer_arn": "arn:aws:elasticloadbalancing:us-east-1:733206830852:loadbalancer/net/c3-kubernetes-api-lb/0d08414a388ef588",
            "port": 6443,
            "protocol": "TCP",
            "ssl_policy": "",
            "timeouts": null
          },
          "private": "eyJlMmJmYjczMC1lY2FhLTExZTYtOGY4OC0zNDM2M2JjN2M0YzAiOnsicmVhZCI6NjAwMDAwMDAwMDAwfX0=",
          "depends_on": [
            "aws_lb.control_plane",
            "aws_lb_target_group.control_plane_api"
          ]
        }
      ]
    },
    {
      "mode": "managed",
      "type": "aws_lb_target_group",
      "name": "control_plane_api",
      "provider": "provider.aws",
      "instances": [
        {
          "schema_version": 0,
          "attributes": {
            "arn": "arn:aws:elasticloadbalancing:us-east-1:733206830852:targetgroup/c3-kubernetes-api/7bca0c989b58ca81",
            "arn_suffix": "targetgroup/c3-kubernetes-api/7bca0c989b58ca81",
            "deregistration_delay": 300,
            "health_check": [
              {
                "enabled": true,
                "healthy_threshold": 3,
                "interval": 30,
                "matcher": "",
                "path": "",
                "port": "traffic-port",
                "protocol": "TCP",
                "timeout": 10,
                "unhealthy_threshold": 3
              }
            ],
            "id": "arn:aws:elasticloadbalancing:us-east-1:733206830852:targetgroup/c3-kubernetes-api/7bca0c989b58ca81",
            "lambda_multi_value_headers_enabled": false,
            "name": "c3-kubernetes-api",
            "name_prefix": null,
            "port": 6443,
            "protocol": "TCP",
            "proxy_protocol_v2": false,
            "slow_start": 0,
            "stickiness": [],
            "tags": null,
            "target_type": "instance",
            "vpc_id": "vpc-83d4a5f9"
          },
          "private": "bnVsbA=="
        }
      ]
    },
    {
      "mode": "managed",
      "type": "aws_lb_target_group_attachment",
      "name": "control_plane_api",
      "each": "list",
      "provider": "provider.aws",
      "instances": [
        {
          "index_key": 0,
          "schema_version": 0,
          "attributes": {
            "availability_zone": null,
            "id": "arn:aws:elasticloadbalancing:us-east-1:733206830852:targetgroup/c3-kubernetes-api/7bca0c989b58ca81-20190915230027320100000003",
            "port": 6443,
            "target_group_arn": "arn:aws:elasticloadbalancing:us-east-1:733206830852:targetgroup/c3-kubernetes-api/7bca0c989b58ca81",
            "target_id": "i-0073832c044ebd889"
          },
          "private": "bnVsbA==",
          "depends_on": [
            "aws_instance.control_plane",
            "aws_lb_target_group.control_plane_api"
          ]
        },
        {
          "index_key": 1,
          "schema_version": 0,
          "attributes": {
            "availability_zone": null,
            "id": "arn:aws:elasticloadbalancing:us-east-1:733206830852:targetgroup/c3-kubernetes-api/7bca0c989b58ca81-20190915230027270700000002",
            "port": 6443,
            "target_group_arn": "arn:aws:elasticloadbalancing:us-east-1:733206830852:targetgroup/c3-kubernetes-api/7bca0c989b58ca81",
            "target_id": "i-0711f50c85e6210da"
          },
          "private": "bnVsbA==",
          "depends_on": [
            "aws_instance.control_plane",
            "aws_lb_target_group.control_plane_api"
          ]
        },
        {
          "index_key": 2,
          "schema_version": 0,
          "attributes": {
            "availability_zone": null,
            "id": "arn:aws:elasticloadbalancing:us-east-1:733206830852:targetgroup/c3-kubernetes-api/7bca0c989b58ca81-20190915230027248200000001",
            "port": 6443,
            "target_group_arn": "arn:aws:elasticloadbalancing:us-east-1:733206830852:targetgroup/c3-kubernetes-api/7bca0c989b58ca81",
            "target_id": "i-0c73a51219c5b7e09"
          },
          "private": "bnVsbA==",
          "depends_on": [
            "aws_instance.control_plane",
            "aws_lb_target_group.control_plane_api"
          ]
        }
      ]
    },
    {
      "mode": "managed",
      "type": "aws_security_group",
      "name": "common",
      "provider": "provider.aws",
      "instances": [
        {
          "schema_version": 1,
          "attributes": {
            "arn": "arn:aws:ec2:us-east-1:733206830852:security-group/sg-0b64bd73136611e8c",
            "description": "cluster common rules",
            "egress": [
              {
                "cidr_blocks": [
                  "0.0.0.0/0"
                ],
                "description": "",
                "from_port": 0,
                "ipv6_cidr_blocks": [],
                "prefix_list_ids": [],
                "protocol": "-1",
                "security_groups": [],
                "self": false,
                "to_port": 0
              }
            ],
            "id": "sg-0b64bd73136611e8c",
            "ingress": [
              {
                "cidr_blocks": [
                  "0.0.0.0/0"
                ],
                "description": "",
                "from_port": 22,
                "ipv6_cidr_blocks": [],
                "prefix_list_ids": [],
                "protocol": "tcp",
                "security_groups": [],
                "self": false,
                "to_port": 22
              },
              {
                "cidr_blocks": [],
                "description": "",
                "from_port": 0,
                "ipv6_cidr_blocks": [],
                "prefix_list_ids": [],
                "protocol": "-1",
                "security_groups": [],
                "self": true,
                "to_port": 0
              }
            ],
            "name": "c3-kubernetes-common",
            "name_prefix": null,
            "owner_id": "733206830852",
            "revoke_rules_on_delete": false,
            "tags": {
              "kubernetes.io/cluster/c3-kubernetes": "shared"
            },
            "timeouts": null,
            "vpc_id": "vpc-83d4a5f9"
          },
          "private": "eyJlMmJmYjczMC1lY2FhLTExZTYtOGY4OC0zNDM2M2JjN2M0YzAiOnsiY3JlYXRlIjo2MDAwMDAwMDAwMDAsImRlbGV0ZSI6NjAwMDAwMDAwMDAwfSwic2NoZW1hX3ZlcnNpb24iOiIxIn0="
        }
      ]
    },
    {
      "mode": "managed",
      "type": "aws_security_group",
      "name": "control_plane",
      "provider": "provider.aws",
      "instances": [
        {
          "schema_version": 1,
          "attributes": {
            "arn": "arn:aws:ec2:us-east-1:733206830852:security-group/sg-06eb91f3f3b07a82c",
            "description": "cluster control_planes",
            "egress": [],
            "id": "sg-06eb91f3f3b07a82c",
            "ingress": [
              {
                "cidr_blocks": [
                  "0.0.0.0/0"
                ],
                "description": "",
                "from_port": 6443,
                "ipv6_cidr_blocks": [],
                "prefix_list_ids": [],
                "protocol": "tcp",
                "security_groups": [],
                "self": false,
                "to_port": 6443
              }
            ],
            "name": "c3-kubernetes-control_planes",
            "name_prefix": null,
            "owner_id": "733206830852",
            "revoke_rules_on_delete": false,
            "tags": {
              "kubernetes.io/cluster/c3-kubernetes": "shared"
            },
            "timeouts": null,
            "vpc_id": "vpc-83d4a5f9"
          },
          "private": "eyJlMmJmYjczMC1lY2FhLTExZTYtOGY4OC0zNDM2M2JjN2M0YzAiOnsiY3JlYXRlIjo2MDAwMDAwMDAwMDAsImRlbGV0ZSI6NjAwMDAwMDAwMDAwfSwic2NoZW1hX3ZlcnNpb24iOiIxIn0="
        }
      ]
    }
  ]
}
